<?xml version="1.0" encoding="utf-8"?>
<Project ToolsVersion="4.0" xmlns="http://schemas.microsoft.com/developer/msbuild/2003">
  <ItemGroup>
    <ClCompile Include="soce\winmain.cpp">
      <Filter>Mains</Filter>
    </ClCompile>
    <ClCompile Include="soce\common.cpp">
      <Filter>commons</Filter>
    </ClCompile>
    <ClCompile Include="soce\switchControl.cpp">
      <Filter>commons</Filter>
    </ClCompile>
    <ClCompile Include="soce\clear.cpp">
      <Filter>parent\Scenes</Filter>
    </ClCompile>
    <ClCompile Include="soce\gameover.cpp">
      <Filter>parent\Scenes</Filter>
    </ClCompile>
    <ClCompile Include="soce\object.cpp">
      <Filter>Mains</Filter>
    </ClCompile>
    <ClCompile Include="soce\backimg.cpp">
      <Filter>parent\object</Filter>
    </ClCompile>
    <ClCompile Include="soce\effect.cpp">
      <Filter>parent\object</Filter>
    </ClCompile>
    <ClCompile Include="soce\item.cpp">
      <Filter>parent\object</Filter>
    </ClCompile>
    <ClCompile Include="soce\barrett.cpp">
      <Filter>parent\level</Filter>
    </ClCompile>
    <ClCompile Include="soce\boss.cpp">
      <Filter>parent\level</Filter>
    </ClCompile>
    <ClCompile Include="soce\enemies.cpp">
      <Filter>parent\level</Filter>
    </ClCompile>
    <ClCompile Include="soce\player.cpp">
      <Filter>parent\level</Filter>
    </ClCompile>
    <ClCompile Include="soce\bossSpawnWarning.cpp">
      <Filter>parent\object</Filter>
    </ClCompile>
    <ClCompile Include="soce\bosshoukou.cpp">
      <Filter>parent\object</Filter>
    </ClCompile>
    <ClCompile Include="soce\fire.cpp">
      <Filter>parent\object\fireworks</Filter>
    </ClCompile>
    <ClCompile Include="soce\works.cpp">
      <Filter>parent\object\fireworks</Filter>
    </ClCompile>
    <ClCompile Include="soce\bossenemy.cpp">
      <Filter>parent\level</Filter>
    </ClCompile>
    <ClCompile Include="soce\randquake.cpp">
      <Filter>parent\object</Filter>
    </ClCompile>
    <ClCompile Include="soce\scenemanager.cpp">
      <Filter>Mains</Filter>
    </ClCompile>
    <ClCompile Include="soce\title.cpp">
      <Filter>parent\Scenes</Filter>
    </ClCompile>
    <ClCompile Include="soce\health.cpp">
      <Filter>parent\object</Filter>
    </ClCompile>
  </ItemGroup>
  <ItemGroup>
    <ClInclude Include="soce\common.h">
      <Filter>commons</Filter>
    </ClInclude>
    <ClInclude Include="soce\switchControl.h">
      <Filter>commons</Filter>
    </ClInclude>
    <ClInclude Include="soce\config.h">
      <Filter>commons</Filter>
    </ClInclude>
    <ClInclude Include="soce\clear.h">
      <Filter>parent\Scenes</Filter>
    </ClInclude>
    <ClInclude Include="soce\gameover.h">
      <Filter>parent\Scenes</Filter>
    </ClInclude>
    <ClInclude Include="soce\object.h">
      <Filter>Mains</Filter>
    </ClInclude>
    <ClInclude Include="soce\item.h">
      <Filter>parent\object</Filter>
    </ClInclude>
    <ClInclude Include="soce\backimg.h">
      <Filter>parent\object</Filter>
    </ClInclude>
    <ClInclude Include="soce\effect.h">
      <Filter>parent\object</Filter>
    </ClInclude>
    <ClInclude Include="soce\barrett.h">
      <Filter>parent\level</Filter>
    </ClInclude>
    <ClInclude Include="soce\boss.h">
      <Filter>parent\level</Filter>
    </ClInclude>
    <ClInclude Include="soce\enemies.h">
      <Filter>parent\level</Filter>
    </ClInclude>
    <ClInclude Include="soce\player.h">
      <Filter>parent\level</Filter>
    </ClInclude>
    <ClInclude Include="soce\bossSpawnWarning.h">
      <Filter>parent\object</Filter>
    </ClInclude>
    <ClInclude Include="soce\bosshoukou.h">
      <Filter>parent\object</Filter>
    </ClInclude>
    <ClInclude Include="soce\fire.h">
      <Filter>parent\object\fireworks</Filter>
    </ClInclude>
    <ClInclude Include="soce\works.h">
      <Filter>parent\object\fireworks</Filter>
    </ClInclude>
    <ClInclude Include="soce\bossenemy.h">
      <Filter>parent\level</Filter>
    </ClInclude>
    <ClInclude Include="soce\randquake.h">
      <Filter>parent\object</Filter>
    </ClInclude>
    <ClInclude Include="soce\scenemanager.h">
      <Filter>Mains</Filter>
    </ClInclude>
    <ClInclude Include="soce\title.h">
      <Filter>parent\Scenes</Filter>
    </ClInclude>
    <ClInclude Include="soce\health.h">
      <Filter>parent\object</Filter>
    </ClInclude>
  </ItemGroup>
  <ItemGroup>
    <Filter Include="Mains">
      <UniqueIdentifier>{086ef40d-9df5-4df6-8165-d9399fbf7beb}</UniqueIdentifier>
    </Filter>
    <Filter Include="commons">
      <UniqueIdentifier>{e94ed5da-9ce0-4e57-8ad7-808916a47c8d}</UniqueIdentifier>
    </Filter>
    <Filter Include="parent">
      <UniqueIdentifier>{9c217bc0-3fa1-40a6-83c3-41ac8d2923f4}</UniqueIdentifier>
    </Filter>
    <Filter Include="parent\level">
      <UniqueIdentifier>{5c89cc1b-8b82-43bb-9f6d-cd9e938aa180}</UniqueIdentifier>
    </Filter>
    <Filter Include="parent\object">
      <UniqueIdentifier>{eb5f0b33-0876-4b74-9955-d6ccd64e8f6b}</UniqueIdentifier>
    </Filter>
    <Filter Include="parent\object\fireworks">
      <UniqueIdentifier>{0da77b04-0c5e-4ce6-b146-eed4b8186070}</UniqueIdentifier>
    </Filter>
    <Filter Include="parent\Scenes">
      <UniqueIdentifier>{a99b0deb-2817-4071-9421-3e11d318c4b0}</UniqueIdentifier>
    </Filter>
  </ItemGroup>
</Project>